PODS:
  - FaceTecSDK (9.0.4)
  - Flutter (1.0.0)
  - Kvalifika (0.2.2):
    - FaceTecSDK (= 9.0.4)
  - kvalifika_sdk (0.9.4):
    - Flutter
    - Kvalifika (= 0.2.2)

DEPENDENCIES:
  - Flutter (from `Flutter`)
  - kvalifika_sdk (from `.symlinks/plugins/kvalifika_sdk/ios`)

SPEC REPOS:
  https://github.com/Kvalifika/kvalifika-cocoapods-specs.git:
    - Kvalifika
  https://github.com/Kvalifika/zoom-cocoapods-specs.git:
    - FaceTecSDK

EXTERNAL SOURCES:
  Flutter:
    :path: Flutter
  kvalifika_sdk:
    :path: ".symlinks/plugins/kvalifika_sdk/ios"

SPEC CHECKSUMS:
  FaceTecSDK: c71e5db76bd6cc1f6065dbc32f933995b26ec6d7
  Flutter: 434fef37c0980e73bb6479ef766c45957d4b510c
  Kvalifika: 4be151c8981efc7ed3271e06b51f9cce203feb4b
  kvalifika_sdk: 33141839344e3a27bf2b785f193bc645c170d25e

PODFILE CHECKSUM: 5f7d7bcf446dc979e627cc48035377aa402169ec

COCOAPODS: 1.10.1
